
Microsoft Visual Studio Solution File, Format Version 12.00
# Visual Studio Version 16
VisualStudioVersion = 16.0.31515.178
MinimumVisualStudioVersion = 10.0.40219.1
Project("{FAE04EC0-301F-11D3-BF4B-00C04F79EFBC}") = "DpStrategy", "DpStrategy\DpStrategy.csproj", "{DFFFEDAD-4809-4AE6-AF76-FF8A87AF750B}"
EndProject
Global
	GlobalSection(SolutionConfigurationPlatforms) = preSolution
		Debug|Any CPU = Debug|Any CPU
		Release|Any CPU = Release|Any CPU
	EndGlobalSection
	GlobalSection(ProjectConfigurationPlatforms) = postSolution
		{DFFFEDAD-4809-4AE6-AF76-FF8A87AF750B}.Debug|Any CPU.ActiveCfg = Debug|Any CPU
		{DFFFEDAD-4809-4AE6-AF76-FF8A87AF750B}.Debug|Any CPU.Build.0 = Debug|Any CPU
		{DFFFEDAD-4809-4AE6-AF76-FF8A87AF750B}.Release|Any CPU.ActiveCfg = Release|Any CPU
		{DFFFEDAD-4809-4AE6-AF76-FF8A87AF750B}.Release|Any CPU.Build.0 = Release|Any CPU
	EndGlobalSection
	GlobalSection(SolutionProperties) = preSolution
		HideSolutionNode = FALSE
	EndGlobalSection
	GlobalSection(ExtensibilityGlobals) = postSolution
		SolutionGuid = {499ABDEF-4F5C-4E5A-AB40-497FE5BA2A13}
	EndGlobalSection
EndGlobal
